
Microsoft Visual Studio Solution File, Format Version 12.00
# Visual Studio Version 17
VisualStudioVersion = 17.2.32505.173
MinimumVisualStudioVersion = 10.0.40219.1
Project("{9A19103F-16F7-4668-BE54-9A1E7A4F7556}") = "locadora", "locadora\locadora.csproj", "{D26D70CA-69B6-4D75-900A-30981BDF5851}"
EndProject
Project("{2150E333-8FDC-42A3-9474-1A3956D46DE8}") = "Solution Items", "Solution Items", "{A64025D9-307A-4114-850D-1BFF80F700C7}"
	ProjectSection(SolutionItems) = preProject
		.editorconfig = .editorconfig
	EndProjectSection
EndProject
Global
	GlobalSection(SolutionConfigurationPlatforms) = preSolution
		Debug|Any CPU = Debug|Any CPU
		Release|Any CPU = Release|Any CPU
	EndGlobalSection
	GlobalSection(ProjectConfigurationPlatforms) = postSolution
		{D26D70CA-69B6-4D75-900A-30981BDF5851}.Debug|Any CPU.ActiveCfg = Debug|Any CPU
		{D26D70CA-69B6-4D75-900A-30981BDF5851}.Debug|Any CPU.Build.0 = Debug|Any CPU
		{D26D70CA-69B6-4D75-900A-30981BDF5851}.Release|Any CPU.ActiveCfg = Release|Any CPU
		{D26D70CA-69B6-4D75-900A-30981BDF5851}.Release|Any CPU.Build.0 = Release|Any CPU
	EndGlobalSection
	GlobalSection(SolutionProperties) = preSolution
		HideSolutionNode = FALSE
	EndGlobalSection
	GlobalSection(ExtensibilityGlobals) = postSolution
		SolutionGuid = {3FDA0BC8-8A97-4F90-88DC-881333CF3530}
	EndGlobalSection
EndGlobal
